
Microsoft Visual Studio Solution File, Format Version 11.00
# Visual Studio 2010
Project("{FAE04EC0-301F-11D3-BF4B-00C04F79EFBC}") = "Assembly-CSharp", "Assembly-CSharp.csproj", "{47D9F7DF-4E9E-98DB-0360-EC3333B6327A}"
EndProject
Global
	GlobalSection(SolutionConfigurationPlatforms) = preSolution
		Debug|Any CPU = Debug|Any CPU
		Release|Any CPU = Release|Any CPU
	EndGlobalSection
	GlobalSection(ProjectConfigurationPlatforms) = postSolution
		{47D9F7DF-4E9E-98DB-0360-EC3333B6327A}.Debug|Any CPU.ActiveCfg = Debug|Any CPU
		{47D9F7DF-4E9E-98DB-0360-EC3333B6327A}.Debug|Any CPU.Build.0 = Debug|Any CPU
		{47D9F7DF-4E9E-98DB-0360-EC3333B6327A}.Release|Any CPU.ActiveCfg = Release|Any CPU
		{47D9F7DF-4E9E-98DB-0360-EC3333B6327A}.Release|Any CPU.Build.0 = Release|Any CPU
	EndGlobalSection
	GlobalSection(SolutionProperties) = preSolution
		HideSolutionNode = FALSE
	EndGlobalSection
EndGlobal
